{
  "name": "hello-vmx",
  "version": "0.0.0",
  "lockfileVersion": 3,
  "requires": true,
  "packages": {
    "": {
      "name": "hello-vmx",
      "version": "0.0.0",
      "dependencies": {
        "@thekaveh/vmx": "file:../../../../langs/typescript"
      }
    },
    "../../../../langs/typescript": {
      "name": "@thekaveh/vmx",
      "version": "2.4.0",
      "license": "MIT",
      "devDependencies": {
        "@types/node": "^22.0.0",
        "@typescript-eslint/eslint-plugin": "^8.0.0",
        "@typescript-eslint/parser": "^8.0.0",
        "@vitest/coverage-v8": "^3.2.4",
        "eslint": "^9.0.0",
        "jsdom": "^24.0.0",
        "rxjs": "^7.8.0",
        "tsup": "^8.0.0",
        "typescript": "^5.4.0",
        "vitest": "^3.2.4"
      },
      "engines": {
        "node": ">=18"
      },
      "peerDependencies": {
        "rxjs": "^7.8.0"
      },
      "peerDependenciesMeta": {
        "rxjs": {
          "optional": false
        }
      }
    },
    "node_modules/@thekaveh/vmx": {
      "resolved": "../../../../langs/typescript",
      "link": true
    }
  }
}
