{
  "name": "hello-vmx",
  "version": "0.0.0",
  "lockfileVersion": 3,
  "requires": true,
  "packages": {
    "": {
      "name": "hello-vmx",
      "version": "0.0.0",
      "dependencies": {
        "vmx": "file:../../../../langs/typescript"
      }
    },
    "../../../../langs/typescript": {
      "name": "vmx",
      "version": "2.1.0",
      "license": "MIT",
      "dependencies": {
        "rxjs": "^7.8.0"
      },
      "devDependencies": {
        "@types/node": "^22.0.0",
        "@typescript-eslint/eslint-plugin": "^8.0.0",
        "@typescript-eslint/parser": "^8.0.0",
        "@vitest/coverage-v8": "^1.6.0",
        "eslint": "^9.0.0",
        "tsup": "^8.0.0",
        "typescript": "^5.4.0",
        "vitest": "^1.6.0"
      },
      "engines": {
        "node": ">=18"
      }
    },
    "node_modules/vmx": {
      "resolved": "../../../../langs/typescript",
      "link": true
    }
  }
}
