version = 1
revision = 3
requires-python = ">=3.10"

[[package]]
name = "reactivex"
version = "4.1.0"
source = { registry = "https://pypi.org/simple" }
dependencies = [
    { name = "typing-extensions" },
]
sdist = { url = "https://files.pythonhosted.org/packages/b6/af/38a4b62468e4c5bd50acf511d86fe62e65a466aa6abb55b1d59a4a9e57f3/reactivex-4.1.0.tar.gz", hash = "sha256:c7499e3c802bccaa20839b3e17355a7d939573fded3f38ba3d4796278a169a3d", size = 113482, upload-time = "2025-11-05T21:44:24.557Z" }
wheels = [
    { url = "https://files.pythonhosted.org/packages/ba/9e/3c2f5d3abb6c5d82f7696e1e3c69b7279049e928596ce82ed25ca97a08f3/reactivex-4.1.0-py3-none-any.whl", hash = "sha256:485750ec8d9b34bcc8ff4318971d234dc4f595058a1b4435a74aefef4b2bc9bd", size = 218588, upload-time = "2025-11-05T21:44:23.015Z" },
]

[[package]]
name = "typing-extensions"
version = "4.16.0"
source = { registry = "https://pypi.org/simple" }
sdist = { url = "https://files.pythonhosted.org/packages/f6/cc/6253133b5bb138fc3306cebfbda2c520f545d36b5be2c7255cc528bb45d6/typing_extensions-4.16.0.tar.gz", hash = "sha256:dc983d19a509c94dba722ee6abd33940f7c05a89e243c47e907eb4db6f1a43e5", size = 113555, upload-time = "2026-07-02T08:40:05.92Z" }
wheels = [
    { url = "https://files.pythonhosted.org/packages/49/d3/b8441a820a491ddfc024b0b0cf0393375b75ea13866d9c66727e54c2fc80/typing_extensions-4.16.0-py3-none-any.whl", hash = "sha256:481caa481374e813c1b176ada14e97f1f67a4539ce9cfeb3f350d78d6370c2e8", size = 45571, upload-time = "2026-07-02T08:40:04.659Z" },
]

[[package]]
name = "vmx"
source = { editable = "../../langs/python" }
dependencies = [
    { name = "reactivex" },
]

[package.metadata]
requires-dist = [
    { name = "mypy", marker = "extra == 'dev'", specifier = ">=1.8" },
    { name = "mypy", marker = "extra == 'typing'", specifier = ">=1.8" },
    { name = "pytest", marker = "extra == 'dev'", specifier = ">=7" },
    { name = "pytest", marker = "extra == 'test'", specifier = ">=7" },
    { name = "pytest-asyncio", marker = "extra == 'dev'", specifier = ">=0.23" },
    { name = "pytest-asyncio", marker = "extra == 'test'", specifier = ">=0.23" },
    { name = "pytest-cov", marker = "extra == 'dev'", specifier = ">=4" },
    { name = "pytest-cov", marker = "extra == 'test'", specifier = ">=4" },
    { name = "reactivex", specifier = ">=4.0.4" },
    { name = "ruff", marker = "extra == 'dev'", specifier = ">=0.4" },
    { name = "ruff", marker = "extra == 'lint'", specifier = ">=0.4" },
]
provides-extras = ["dev", "lint", "test", "typing"]

[[package]]
name = "vmx-python-examples"
version = "0.1.0"
source = { editable = "." }
dependencies = [
    { name = "vmx" },
]

[package.metadata]
requires-dist = [{ name = "vmx", editable = "../../langs/python" }]
